
Microsoft Visual Studio Solution File, Format Version 12.00
# Visual Studio Version 17
VisualStudioVersion = 17.12.35527.113 d17.12
MinimumVisualStudioVersion = 10.0.40219.1
Project("{FAE04EC0-301F-11D3-BF4B-00C04F79EFBC}") = "StudentCRUDApp", "StudentCRUDApp.csproj", "{70FB21C9-C9ED-40EE-8F02-747C463506E6}"
EndProject
Global
	GlobalSection(SolutionConfigurationPlatforms) = preSolution
		Debug|Any CPU = Debug|Any CPU
		Release|Any CPU = Release|Any CPU
	EndGlobalSection
	GlobalSection(ProjectConfigurationPlatforms) = postSolution
		{70FB21C9-C9ED-40EE-8F02-747C463506E6}.Debug|Any CPU.ActiveCfg = Debug|Any CPU
		{70FB21C9-C9ED-40EE-8F02-747C463506E6}.Debug|Any CPU.Build.0 = Debug|Any CPU
		{70FB21C9-C9ED-40EE-8F02-747C463506E6}.Release|Any CPU.ActiveCfg = Release|Any CPU
		{70FB21C9-C9ED-40EE-8F02-747C463506E6}.Release|Any CPU.Build.0 = Release|Any CPU
	EndGlobalSection
	GlobalSection(SolutionProperties) = preSolution
		HideSolutionNode = FALSE
	EndGlobalSection
EndGlobal
